// !$*UTF8*$!
{
	archiveVersion = 1;
	classes = {
	};
	objectVersion = 46;
	objects = {

/* Begin PBXBuildFile section */
		DE4208F71E5E143800232052 /* AppDelegate.swift in Sources */ = {isa = PBXBuildFile; fileRef = DE4208F61E5E143800232052 /* AppDelegate.swift */; };
		DE4208F91E5E143800232052 /* ViewController.swift in Sources */ = {isa = PBXBuildFile; fileRef = DE4208F81E5E143800232052 /* ViewController.swift */; };
		DE4208FC1E5E143800232052 /* Main.storyboard in Resources */ = {isa = PBXBuildFile; fileRef = DE4208FA1E5E143800232052 /* Main.storyboard */; };
		DE4208FF1E5E143800232052 /* LaunchImage.xcdatamodeld in Sources */ = {isa = PBXBuildFile; fileRef = DE4208FD1E5E143800232052 /* LaunchImage.xcdatamodeld */; };
		DE4209011E5E143800232052 /* Assets.xcassets in Resources */ = {isa = PBXBuildFile; fileRef = DE4209001E5E143800232052 /* Assets.xcassets */; };
		DE4209041E5E143800232052 /* LaunchScreen.storyboard in Resources */ = {isa = PBXBuildFile; fileRef = DE4209021E5E143800232052 /* LaunchScreen.storyboard */; };
/* End PBXBuildFile section */

/* Begin PBXFileReference section */
		DE4208F31E5E143800232052 /* LaunchImage.app */ = {isa = PBXFileReference; explicitFileType = wrapper.application; includeInIndex = 0; path = LaunchImage.app; sourceTree = BUILT_PRODUCTS_DIR; };
		DE4208F61E5E143800232052 /* AppDelegate.swift */ = {isa = PBXFileReference; lastKnownFileType = sourcecode.swift; path = AppDelegate.swift; sourceTree = "<group>"; };
		DE4208F81E5E143800232052 /* ViewController.swift */ = {isa = PBXFileReference; lastKnownFileType = sourcecode.swift; path = ViewController.swift; sourceTree = "<group>"; };
		DE4208FB1E5E143800232052 /* Base */ = {isa = PBXFileReference; lastKnownFileType = file.storyboard; name = Base; path = Base.lproj/Main.storyboard; sourceTree = "<group>"; };
		DE4208FE1E5E143800232052 /* LaunchImage.xcdatamodel */ = {isa = PBXFileReference; lastKnownFileType = wrapper.xcdatamodel; path = LaunchImage.xcdatamodel; sourceTree = "<group>"; };
		DE4209001E5E143800232052 /* Assets.xcassets */ = {isa = PBXFileReference; lastKnownFileType = folder.assetcatalog; path = Assets.xcassets; sourceTree = "<group>"; };
		DE4209031E5E143800232052 /* Base */ = {isa = PBXFileReference; lastKnownFileType = file.storyboard; name = Base; path = Base.lproj/LaunchScreen.storyboard; sourceTree = "<group>"; };
		DE4209051E5E143800232052 /* Info.plist */ = {isa = PBXFileReference; lastKnownFileType = text.plist.xml; path = Info.plist; sourceTree = "<group>"; };
/* End PBXFileReference section */

/* Begin PBXFrameworksBuildPhase section */
		DE4208F01E5E143800232052 /* Frameworks */ = {
			isa = PBXFrameworksBuildPhase;
			buildActionMask = 2147483647;
			files = (
			);
			runOnlyForDeploymentPostprocessing = 0;
		};
/* End PBXFrameworksBuildPhase section */

/* Begin PBXGroup section */
		DE4208EA1E5E143800232052 = {
			isa = PBXGroup;
			children = (
				DE4208F51E5E143800232052 /* LaunchImage */,
				DE4208F41E5E143800232052 /* Products */,
			);
			sourceTree = "<group>";
		};
		DE4208F41E5E143800232052 /* Products */ = {
			isa = PBXGroup;
			children = (
				DE4208F31E5E143800232052 /* LaunchImage.app */,
			);
			name = Products;
			sourceTree = "<group>";
		};
		DE4208F51E5E143800232052 /* LaunchImage */ = {
			isa = PBXGroup;
			children = (
				DE4208F61E5E143800232052 /* AppDelegate.swift */,
				DE4208F81E5E143800232052 /* ViewController.swift */,
				DE4208FA1E5E143800232052 /* Main.storyboard */,
				DE4209001E5E143800232052 /* Assets.xcassets */,
				DE4209021E5E143800232052 /* LaunchScreen.storyboard */,
				DE4209051E5E143800232052 /* Info.plist */,
				DE4208FD1E5E143800232052 /* LaunchImage.xcdatamodeld */,
			);
			path = LaunchImage;
			sourceTree = "<group>";
		};
/* End PBXGroup section */

/* Begin PBXNativeTarget section */
		DE4208F21E5E143800232052 /* LaunchImage */ = {
			isa = PBXNativeTarget;
			buildConfigurationList = DE4209081E5E143800232052 /* Build configuration list for PBXNativeTarget "LaunchImage" */;
			buildPhases = (
				DE4208EF1E5E143800232052 /* Sources */,
				DE4208F01E5E143800232052 /* Frameworks */,
				DE4208F11E5E143800232052 /* Resources */,
			);
			buildRules = (
			);
			dependencies = (
			);
			name = LaunchImage;
			productName = LaunchImage;
			productReference = DE4208F31E5E143800232052 /* LaunchImage.app */;
			productType = "com.apple.product-type.application";
		};
/* End PBXNativeTarget section */

/* Begin PBXProject section */
		DE4208EB1E5E143800232052 /* Project object */ = {
			isa = PBXProject;
			attributes = {
				LastSwiftUpdateCheck = 0820;
				LastUpgradeCheck = 0820;
				TargetAttributes = {
					DE4208F21E5E143800232052 = {
						CreatedOnToolsVersion = 8.2.1;
						ProvisioningStyle = Automatic;
					};
				};
			};
			buildConfigurationList = DE4208EE1E5E143800232052 /* Build configuration list for PBXProject "LaunchImage" */;
			compatibilityVersion = "Xcode 3.2";
			developmentRegion = English;
			hasScannedForEncodings = 0;
			knownRegions = (
				en,
				Base,
			);
			mainGroup = DE4208EA1E5E143800232052;
			productRefGroup = DE4208F41E5E143800232052 /* Products */;
			projectDirPath = "";
			projectRoot = "";
			targets = (
				DE4208F21E5E143800232052 /* LaunchImage */,
			);
		};
/* End PBXProject section */

/* Begin PBXResourcesBuildPhase section */
		DE4208F11E5E143800232052 /* Resources */ = {
			isa = PBXResourcesBuildPhase;
			buildActionMask = 2147483647;
			files = (
				DE4209041E5E143800232052 /* LaunchScreen.storyboard in Resources */,
				DE4209011E5E143800232052 /* Assets.xcassets in Resources */,
				DE4208FC1E5E143800232052 /* Main.storyboard in Resources */,
			);
			runOnlyForDeploymentPostprocessing = 0;
		};
/* End PBXResourcesBuildPhase section */

/* Begin PBXSourcesBuildPhase section */
		DE4208EF1E5E143800232052 /* Sources */ = {
			isa = PBXSourcesBuildPhase;
			buildActionMask = 2147483647;
			files = (
				DE4208F91E5E143800232052 /* ViewController.swift in Sources */,
				DE4208FF1E5E143800232052 /* LaunchImage.xcdatamodeld in Sources */,
				DE4208F71E5E143800232052 /* AppDelegate.swift in Sources */,
			);
			runOnlyForDeploymentPostprocessing = 0;
		};
/* End PBXSourcesBuildPhase section */

/* Begin PBXVariantGroup section */
		DE4208FA1E5E143800232052 /* Main.storyboard */ = {
			isa = PBXVariantGroup;
			children = (
				DE4208FB1E5E143800232052 /* Base */,
			);
			name = Main.storyboard;
			sourceTree = "<group>";
		};
		DE4209021E5E143800232052 /* LaunchScreen.storyboard */ = {
			isa = PBXVariantGroup;
			children = (
				DE4209031E5E143800232052 /* Base */,
			);
			name = LaunchScreen.storyboard;
			sourceTree = "<group>";
		};
/* End PBXVariantGroup section */

/* Begin XCBuildConfiguration section */
		DE4209061E5E143800232052 /* Debug */ = {
			isa = XCBuildConfiguration;
			buildSettings = {
				ALWAYS_SEARCH_USER_PATHS = NO;
				CLANG_ANALYZER_NONNULL = YES;
				CLANG_CXX_LANGUAGE_STANDARD = "gnu++0x";
				CLANG_CXX_LIBRARY = "libc++";
				CLANG_ENABLE_MODULES = YES;
				CLANG_ENABLE_OBJC_ARC = YES;
				CLANG_WARN_BOOL_CONVERSION = YES;
				CLANG_WARN_CONSTANT_CONVERSION = YES;
				CLANG_WARN_DIRECT_OBJC_ISA_USAGE = YES_ERROR;
				CLANG_WARN_DOCUMENTATION_COMMENTS = YES;
				CLANG_WARN_EMPTY_BODY = YES;
				CLANG_WARN_ENUM_CONVERSION = YES;
				CLANG_WARN_INFINITE_RECURSION = YES;
				CLANG_WARN_INT_CONVERSION = YES;
				CLANG_WARN_OBJC_ROOT_CLASS = YES_ERROR;
				CLANG_WARN_SUSPICIOUS_MOVE = YES;
				CLANG_WARN_UNREACHABLE_CODE = YES;
				CLANG_WARN__DUPLICATE_METHOD_MATCH = YES;
				"CODE_SIGN_IDENTITY[sdk=iphoneos*]" = "iPhone Developer";
				COPY_PHASE_STRIP = NO;
				DEBUG_INFORMATION_FORMAT = dwarf;
				ENABLE_STRICT_OBJC_MSGSEND = YES;
				ENABLE_TESTABILITY = YES;
				GCC_C_LANGUAGE_STANDARD = gnu99;
				GCC_DYNAMIC_NO_PIC = NO;
				GCC_NO_COMMON_BLOCKS = YES;
				GCC_OPTIMIZATION_LEVEL = 0;
				GCC_PREPROCESSOR_DEFINITIONS = (
					"DEBUG=1",
					"$(inherited)",
				);
				GCC_WARN_64_TO_32_BIT_CONVERSION = YES;
				GCC_WARN_ABOUT_RETURN_TYPE = YES_ERROR;
				GCC_WARN_UNDECLARED_SELECTOR = YES;
				GCC_WARN_UNINITIALIZED_AUTOS = YES_AGGRESSIVE;
				GCC_WARN_UNUSED_FUNCTION = YES;
				GCC_WARN_UNUSED_VARIABLE = YES;
				IPHONEOS_DEPLOYMENT_TARGET = 10.2;
				MTL_ENABLE_DEBUG_INFO = YES;
				ONLY_ACTIVE_ARCH = YES;
				SDKROOT = iphoneos;
				SWIFT_ACTIVE_COMPILATION_CONDITIONS = DEBUG;
				SWIFT_OPTIMIZATION_LEVEL = "-Onone";
				TARGETED_DEVICE_FAMILY = "1,2";
			};
			name = Debug;
		};
		DE4209071E5E143800232052 /* Release */ = {
			isa = XCBuildConfiguration;
			buildSettings = {
				ALWAYS_SEARCH_USER_PATHS = NO;
				CLANG_ANALYZER_NONNULL = YES;
				CLANG_CXX_LANGUAGE_STANDARD = "gnu++0x";
				CLANG_CXX_LIBRARY = "libc++";
				CLANG_ENABLE_MODULES = YES;
				CLANG_ENABLE_OBJC_ARC = YES;
				CLANG_WARN_BOOL_CONVERSION = YES;
				CLANG_WARN_CONSTANT_CONVERSION = YES;
				CLANG_WARN_DIRECT_OBJC_ISA_USAGE = YES_ERROR;
				CLANG_WARN_DOCUMENTATION_COMMENTS = YES;
				CLANG_WARN_EMPTY_BODY = YES;
				CLANG_WARN_ENUM_CONVERSION = YES;
				CLANG_WARN_INFINITE_RECURSION = YES;
				CLANG_WARN_INT_CONVERSION = YES;
				CLANG_WARN_OBJC_ROOT_CLASS = YES_ERROR;
				CLANG_WARN_SUSPICIOUS_MOVE = YES;
				CLANG_WARN_UNREACHABLE_CODE = YES;
				CLANG_WARN__DUPLICATE_METHOD_MATCH = YES;
				"CODE_SIGN_IDENTITY[sdk=iphoneos*]" = "iPhone Developer";
				COPY_PHASE_STRIP = NO;
				DEBUG_INFORMATION_FORMAT = "dwarf-with-dsym";
				ENABLE_NS_ASSERTIONS = NO;
				ENABLE_STRICT_OBJC_MSGSEND = YES;
				GCC_C_LANGUAGE_STANDARD = gnu99;
				GCC_NO_COMMON_BLOCKS = YES;
				GCC_WARN_64_TO_32_BIT_CONVERSION = YES;
				GCC_WARN_ABOUT_RETURN_TYPE = YES_ERROR;
				GCC_WARN_UNDECLARED_SELECTOR = YES;
				GCC_WARN_UNINITIALIZED_AUTOS = YES_AGGRESSIVE;
				GCC_WARN_UNUSED_FUNCTION = YES;
				GCC_WARN_UNUSED_VARIABLE = YES;
				IPHONEOS_DEPLOYMENT_TARGET = 10.2;
				MTL_ENABLE_DEBUG_INFO = NO;
				SDKROOT = iphoneos;
				SWIFT_OPTIMIZATION_LEVEL = "-Owholemodule";
				TARGETED_DEVICE_FAMILY = "1,2";
				VALIDATE_PRODUCT = YES;
			};
			name = Release;
		};
		DE4209091E5E143800232052 /* Debug */ = {
			isa = XCBuildConfiguration;
			buildSettings = {
				ASSETCATALOG_COMPILER_APPICON_NAME = AppIcon;
				INFOPLIST_FILE = LaunchImage/Info.plist;
				LD_RUNPATH_SEARCH_PATHS = "$(inherited) @executable_path/Frameworks";
				PRODUCT_BUNDLE_IDENTIFIER = com.coronalabs.LaunchImage;
				PRODUCT_NAME = "$(TARGET_NAME)";
				SWIFT_VERSION = 3.0;
			};
			name = Debug;
		};
		DE42090A1E5E143800232052 /* Release */ = {
			isa = XCBuildConfiguration;
			buildSettings = {
				ASSETCATALOG_COMPILER_APPICON_NAME = AppIcon;
				INFOPLIST_FILE = LaunchImage/Info.plist;
				LD_RUNPATH_SEARCH_PATHS = "$(inherited) @executable_path/Frameworks";
				PRODUCT_BUNDLE_IDENTIFIER = com.coronalabs.LaunchImage;
				PRODUCT_NAME = "$(TARGET_NAME)";
				SWIFT_VERSION = 3.0;
			};
			name = Release;
		};
/* End XCBuildConfiguration section */

/* Begin XCConfigurationList section */
		DE4208EE1E5E143800232052 /* Build configuration list for PBXProject "LaunchImage" */ = {
			isa = XCConfigurationList;
			buildConfigurations = (
				DE4209061E5E143800232052 /* Debug */,
				DE4209071E5E143800232052 /* Release */,
			);
			defaultConfigurationIsVisible = 0;
			defaultConfigurationName = Release;
		};
		DE4209081E5E143800232052 /* Build configuration list for PBXNativeTarget "LaunchImage" */ = {
			isa = XCConfigurationList;
			buildConfigurations = (
				DE4209091E5E143800232052 /* Debug */,
				DE42090A1E5E143800232052 /* Release */,
			);
			defaultConfigurationIsVisible = 0;
		};
/* End XCConfigurationList section */

/* Begin XCVersionGroup section */
		DE4208FD1E5E143800232052 /* LaunchImage.xcdatamodeld */ = {
			isa = XCVersionGroup;
			children = (
				DE4208FE1E5E143800232052 /* LaunchImage.xcdatamodel */,
			);
			currentVersion = DE4208FE1E5E143800232052 /* LaunchImage.xcdatamodel */;
			path = LaunchImage.xcdatamodeld;
			sourceTree = "<group>";
			versionGroupType = wrapper.xcdatamodel;
		};
/* End XCVersionGroup section */
	};
	rootObject = DE4208EB1E5E143800232052 /* Project object */;
}
